
Microsoft Visual Studio Solution File, Format Version 12.00
# Visual Studio Version 17
VisualStudioVersion = 17.9.34723.18
MinimumVisualStudioVersion = 10.0.40219.1
Project("{FAE04EC0-301F-11D3-BF4B-00C04F79EFBC}") = "EcomAdmin.Server", "EcomAdmin.Server\EcomAdmin.Server.csproj", "{6C5394E3-3836-412C-9A44-4A97647C9860}"
EndProject
Project("{54A90642-561A-4BB1-A94E-469ADEE60C69}") = "ecomadmin.client", "ecomadmin.client\ecomadmin.client.esproj", "{7EF42D65-41D2-4455-B16A-694431A06382}"
EndProject
Global
	GlobalSection(SolutionConfigurationPlatforms) = preSolution
		Debug|Any CPU = Debug|Any CPU
		Release|Any CPU = Release|Any CPU
	EndGlobalSection
	GlobalSection(ProjectConfigurationPlatforms) = postSolution
		{6C5394E3-3836-412C-9A44-4A97647C9860}.Debug|Any CPU.ActiveCfg = Debug|Any CPU
		{6C5394E3-3836-412C-9A44-4A97647C9860}.Debug|Any CPU.Build.0 = Debug|Any CPU
		{6C5394E3-3836-412C-9A44-4A97647C9860}.Release|Any CPU.ActiveCfg = Release|Any CPU
		{6C5394E3-3836-412C-9A44-4A97647C9860}.Release|Any CPU.Build.0 = Release|Any CPU
		{7EF42D65-41D2-4455-B16A-694431A06382}.Debug|Any CPU.ActiveCfg = Debug|Any CPU
		{7EF42D65-41D2-4455-B16A-694431A06382}.Debug|Any CPU.Build.0 = Debug|Any CPU
		{7EF42D65-41D2-4455-B16A-694431A06382}.Debug|Any CPU.Deploy.0 = Debug|Any CPU
		{7EF42D65-41D2-4455-B16A-694431A06382}.Release|Any CPU.ActiveCfg = Release|Any CPU
		{7EF42D65-41D2-4455-B16A-694431A06382}.Release|Any CPU.Build.0 = Release|Any CPU
		{7EF42D65-41D2-4455-B16A-694431A06382}.Release|Any CPU.Deploy.0 = Release|Any CPU
	EndGlobalSection
	GlobalSection(SolutionProperties) = preSolution
		HideSolutionNode = FALSE
	EndGlobalSection
	GlobalSection(ExtensibilityGlobals) = postSolution
		SolutionGuid = {DDC64490-3BF6-479C-9C75-01766FBE3AAA}
	EndGlobalSection
EndGlobal
